
Microsoft Visual Studio Solution File, Format Version 12.00
# Visual Studio Version 17
VisualStudioVersion = 17.3.32922.545
MinimumVisualStudioVersion = 10.0.40219.1
Project("{FAE04EC0-301F-11D3-BF4B-00C04F79EFBC}") = "MVCBasic", "MVCBasic\MVCBasic.csproj", "{473EEB35-78E5-44CD-B912-DE4F6C59FE71}"
EndProject
Global
	GlobalSection(SolutionConfigurationPlatforms) = preSolution
		Debug|Any CPU = Debug|Any CPU
		Release|Any CPU = Release|Any CPU
	EndGlobalSection
	GlobalSection(ProjectConfigurationPlatforms) = postSolution
		{473EEB35-78E5-44CD-B912-DE4F6C59FE71}.Debug|Any CPU.ActiveCfg = Debug|Any CPU
		{473EEB35-78E5-44CD-B912-DE4F6C59FE71}.Debug|Any CPU.Build.0 = Debug|Any CPU
		{473EEB35-78E5-44CD-B912-DE4F6C59FE71}.Release|Any CPU.ActiveCfg = Release|Any CPU
		{473EEB35-78E5-44CD-B912-DE4F6C59FE71}.Release|Any CPU.Build.0 = Release|Any CPU
	EndGlobalSection
	GlobalSection(SolutionProperties) = preSolution
		HideSolutionNode = FALSE
	EndGlobalSection
	GlobalSection(ExtensibilityGlobals) = postSolution
		SolutionGuid = {2D43FC35-6944-4F05-97BF-58411F652141}
	EndGlobalSection
EndGlobal
